<?xml version="1.0" encoding="utf-8"?>
<Project ToolsVersion="4.0" xmlns="http://schemas.microsoft.com/developer/msbuild/2003">
  <ItemGroup>
    <Filter Include="Source Files">
      <UniqueIdentifier>{4FC737F1-C7A5-4376-A066-2A32D752A2FF}</UniqueIdentifier>
      <Extensions>cpp;c;cc;cxx;def;odl;idl;hpj;bat;asm;asmx</Extensions>
    </Filter>
    <Filter Include="Header Files">
      <UniqueIdentifier>{93995380-89BD-4b04-88EB-625FBE52EBFB}</UniqueIdentifier>
      <Extensions>h;hh;hpp;hxx;hm;inl;inc;xsd</Extensions>
    </Filter>
    <Filter Include="Resource Files">
      <UniqueIdentifier>{67DA6AB6-F800-4c08-8B7A-83BB121AAD01}</UniqueIdentifier>
      <Extensions>rc;ico;cur;bmp;dlg;rc2;rct;bin;rgs;gif;jpg;jpeg;jpe;resx;tiff;tif;png;wav;mfcribbon-ms</Extensions>
    </Filter>
  </ItemGroup>
  <ItemGroup>
    <ClCompile Include="stdafx.cpp">
      <Filter>Source Files</Filter>
    </ClCompile>
    <ClCompile Include="CAppx.cpp">
      <Filter>Source Files</Filter>
    </ClCompile>
    <ClCompile Include="VirtualRegKey.cpp">
      <Filter>Source Files</Filter>
    </ClCompile>
    <ClCompile Include="PackageFile.cpp">
      <Filter>Source Files</Filter>
    </ClCompile>
    <ClCompile Include="VfsPath.cpp">
      <Filter>Source Files</Filter>
    </ClCompile>
    <ClCompile Include="IconExt.cpp">
      <Filter>Source Files</Filter>
    </ClCompile>
    <ClCompile Include="AppManifest.cpp">
      <Filter>Source Files</Filter>
    </ClCompile>
    <ClCompile Include="IaUwpAppx.cpp">
      <Filter>Source Files</Filter>
    </ClCompile>
    <ClCompile Include="IaUwpAppxApp.cpp">
      <Filter>Source Files</Filter>
    </ClCompile>
  </ItemGroup>
  <ItemGroup>
    <ClInclude Include="stdafx.h">
      <Filter>Header Files</Filter>
    </ClInclude>
    <ClInclude Include="targetver.h">
      <Filter>Header Files</Filter>
    </ClInclude>
    <ClInclude Include="Resource.h">
      <Filter>Header Files</Filter>
    </ClInclude>
    <ClInclude Include="CAppx.h">
      <Filter>Header Files</Filter>
    </ClInclude>
    <ClInclude Include="utils.h">
      <Filter>Header Files</Filter>
    </ClInclude>
    <ClInclude Include="VirtualRegKey.h">
      <Filter>Header Files</Filter>
    </ClInclude>
    <ClInclude Include="PackageFile.h">
      <Filter>Header Files</Filter>
    </ClInclude>
    <ClInclude Include="VfsPath.h">
      <Filter>Header Files</Filter>
    </ClInclude>
    <ClInclude Include="IconExt.h">
      <Filter>Header Files</Filter>
    </ClInclude>
    <ClInclude Include="AppManifest.h">
      <Filter>Header Files</Filter>
    </ClInclude>
    <ClInclude Include="IaUwpAppx.h">
      <Filter>Header Files</Filter>
    </ClInclude>
    <ClInclude Include="IaUwpAppxApp.h">
      <Filter>Header Files</Filter>
    </ClInclude>
  </ItemGroup>
  <ItemGroup>
    <None Include="IaUwpAppx.def">
      <Filter>Source Files</Filter>
    </None>
    <None Include="res\IaUwpAppx.rc2">
      <Filter>Resource Files</Filter>
    </None>
  </ItemGroup>
  <ItemGroup>
    <Image Include="embedded_res\PackageLogo.50x50.png">
      <Filter>Resource Files</Filter>
    </Image>
    <Image Include="embedded_res\150x150.png">
      <Filter>Resource Files</Filter>
    </Image>
    <Image Include="embedded_res\44x44.png">
      <Filter>Resource Files</Filter>
    </Image>
  </ItemGroup>
  <ItemGroup>
    <Xml Include="embedded_res\AppxManifest_schema.xml" />
  </ItemGroup>
  <ItemGroup>
    <ResourceCompile Include="IaUwpAppx.rc">
      <Filter>Resource Files</Filter>
    </ResourceCompile>
  </ItemGroup>
</Project>